
Microsoft Visual Studio Solution File, Format Version 12.00
# Visual Studio 15
VisualStudioVersion = 15.0.28010.2050
MinimumVisualStudioVersion = 10.0.40219.1
Project("{FAE04EC0-301F-11D3-BF4B-00C04F79EFBC}") = "Bank", "Bank\Bank.csproj", "{FD71BDCC-103D-4334-A63F-BDCC286FB778}"
EndProject
Project("{FAE04EC0-301F-11D3-BF4B-00C04F79EFBC}") = "BankTests", "BankTests\BankTests.csproj", "{15E4A679-C589-4306-8904-B58124444B26}"
EndProject
Global
	GlobalSection(SolutionConfigurationPlatforms) = preSolution
		Debug|Any CPU = Debug|Any CPU
		Release|Any CPU = Release|Any CPU
	EndGlobalSection
	GlobalSection(ProjectConfigurationPlatforms) = postSolution
		{FD71BDCC-103D-4334-A63F-BDCC286FB778}.Debug|Any CPU.ActiveCfg = Debug|Any CPU
		{FD71BDCC-103D-4334-A63F-BDCC286FB778}.Debug|Any CPU.Build.0 = Debug|Any CPU
		{FD71BDCC-103D-4334-A63F-BDCC286FB778}.Release|Any CPU.ActiveCfg = Release|Any CPU
		{FD71BDCC-103D-4334-A63F-BDCC286FB778}.Release|Any CPU.Build.0 = Release|Any CPU
		{15E4A679-C589-4306-8904-B58124444B26}.Debug|Any CPU.ActiveCfg = Debug|Any CPU
		{15E4A679-C589-4306-8904-B58124444B26}.Debug|Any CPU.Build.0 = Debug|Any CPU
		{15E4A679-C589-4306-8904-B58124444B26}.Release|Any CPU.ActiveCfg = Release|Any CPU
		{15E4A679-C589-4306-8904-B58124444B26}.Release|Any CPU.Build.0 = Release|Any CPU
	EndGlobalSection
	GlobalSection(SolutionProperties) = preSolution
		HideSolutionNode = FALSE
	EndGlobalSection
	GlobalSection(ExtensibilityGlobals) = postSolution
		SolutionGuid = {888C5174-45EB-4547-9F19-847D85769219}
	EndGlobalSection
EndGlobal
